
Microsoft Visual Studio Solution File, Format Version 12.00
# Visual Studio Version 16
VisualStudioVersion = 16.0.31624.102
MinimumVisualStudioVersion = 10.0.40219.1
Project("{2150E333-8FDC-42A3-9474-1A3956D46DE8}") = "Services", "Services", "{171050A7-4533-4A93-8DB0-D040195A2189}"
EndProject
Project("{2150E333-8FDC-42A3-9474-1A3956D46DE8}") = "Catalog", "Catalog", "{8EF835C8-DB12-4D4F-8141-1C615AAADA87}"
EndProject
Project("{9A19103F-16F7-4668-BE54-9A1E7A4F7556}") = "Catalog.API", "Services\Calalog\Catalog.API\Catalog.API.csproj", "{CD902B99-F49E-4ADA-B0E9-40ED31FDFB60}"
EndProject
Project("{E53339B2-1760-4266-BCC7-CA923CBCF16C}") = "docker-compose", "docker-compose.dcproj", "{CB790287-4B88-48EA-B990-8E7CCD102E53}"
EndProject
Project("{2150E333-8FDC-42A3-9474-1A3956D46DE8}") = "Basket", "Basket", "{846FDA08-9136-4BFA-B22F-8BBFA898750A}"
EndProject
Project("{9A19103F-16F7-4668-BE54-9A1E7A4F7556}") = "Basket.API", "Services\Basket\Basket.API\Basket.API.csproj", "{E262616C-B583-4C7B-AC45-4F10A7ED6CDE}"
EndProject
Project("{2150E333-8FDC-42A3-9474-1A3956D46DE8}") = "Discount", "Discount", "{0452473E-4F82-4D86-95A7-B14607E3D6D3}"
EndProject
Project("{9A19103F-16F7-4668-BE54-9A1E7A4F7556}") = "Discount.API", "Services\Discount\Discount.API\Discount.API.csproj", "{10408065-B616-4BD9-AD9F-C14EC362BA1D}"
EndProject
Project("{9A19103F-16F7-4668-BE54-9A1E7A4F7556}") = "Discount.Grpc", "Services\Discount\Discount.Grpc\Discount.Grpc.csproj", "{B9652017-01E3-4C64-B47F-C6A59E35A944}"
EndProject
Project("{2150E333-8FDC-42A3-9474-1A3956D46DE8}") = "Ordering", "Ordering", "{780E51FB-BB5A-4314-B26C-F9BB1ED61328}"
EndProject
Project("{9A19103F-16F7-4668-BE54-9A1E7A4F7556}") = "Ordering.API", "Services\Ordering\Ordering.API\Ordering.API.csproj", "{4B92C5C8-F78A-4B2E-93DF-8AF5500F7767}"
EndProject
Project("{9A19103F-16F7-4668-BE54-9A1E7A4F7556}") = "Ordering.Domain", "Services\Ordering\Ordering.Domain\Ordering.Domain.csproj", "{44D5E661-ECDF-4133-9967-A1DC82880598}"
EndProject
Project("{9A19103F-16F7-4668-BE54-9A1E7A4F7556}") = "Ordering.Application", "Services\Ordering\Ordering.Application\Ordering.Application.csproj", "{39CD2DD9-9702-494B-9073-FBC43C88A4E2}"
EndProject
Project("{9A19103F-16F7-4668-BE54-9A1E7A4F7556}") = "Ordering.Infrastructure", "Services\Ordering\Ordering.Infrastructure\Ordering.Infrastructure.csproj", "{E66211B9-84D4-4742-AB11-71BED80922C0}"
EndProject
Project("{2150E333-8FDC-42A3-9474-1A3956D46DE8}") = "BuildingBlocks", "BuildingBlocks", "{7E2A6DEF-1EAD-4321-B322-B48DBA8A05AA}"
EndProject
Project("{9A19103F-16F7-4668-BE54-9A1E7A4F7556}") = "EventBus.Messages", "BuildingBlocks\EventBus.Messages\EventBus.Messages.csproj", "{5E397132-9A65-44ED-889E-79F893FD0D1C}"
EndProject
Project("{2150E333-8FDC-42A3-9474-1A3956D46DE8}") = "ApiGateways", "ApiGateways", "{EA982266-D9EC-440C-8455-33AB539C74E2}"
EndProject
Project("{9A19103F-16F7-4668-BE54-9A1E7A4F7556}") = "OcelotApiGw", "ApiGateways\OcelotApiGw\OcelotApiGw.csproj", "{1C0101BF-20E9-4B6F-BDC8-86C37D692DFB}"
EndProject
Project("{FAE04EC0-301F-11D3-BF4B-00C04F79EFBC}") = "Shopping.Aggregator", "ApiGateways\Shopping.Aggregator\Shopping.Aggregator.csproj", "{90343151-B9D9-43F1-A2B1-923F4D841D50}"
EndProject
Global
	GlobalSection(SolutionConfigurationPlatforms) = preSolution
		Debug|Any CPU = Debug|Any CPU
		Release|Any CPU = Release|Any CPU
	EndGlobalSection
	GlobalSection(ProjectConfigurationPlatforms) = postSolution
		{CD902B99-F49E-4ADA-B0E9-40ED31FDFB60}.Debug|Any CPU.ActiveCfg = Debug|Any CPU
		{CD902B99-F49E-4ADA-B0E9-40ED31FDFB60}.Debug|Any CPU.Build.0 = Debug|Any CPU
		{CD902B99-F49E-4ADA-B0E9-40ED31FDFB60}.Release|Any CPU.ActiveCfg = Release|Any CPU
		{CD902B99-F49E-4ADA-B0E9-40ED31FDFB60}.Release|Any CPU.Build.0 = Release|Any CPU
		{CB790287-4B88-48EA-B990-8E7CCD102E53}.Debug|Any CPU.ActiveCfg = Debug|Any CPU
		{CB790287-4B88-48EA-B990-8E7CCD102E53}.Debug|Any CPU.Build.0 = Debug|Any CPU
		{CB790287-4B88-48EA-B990-8E7CCD102E53}.Release|Any CPU.ActiveCfg = Release|Any CPU
		{CB790287-4B88-48EA-B990-8E7CCD102E53}.Release|Any CPU.Build.0 = Release|Any CPU
		{E262616C-B583-4C7B-AC45-4F10A7ED6CDE}.Debug|Any CPU.ActiveCfg = Debug|Any CPU
		{E262616C-B583-4C7B-AC45-4F10A7ED6CDE}.Debug|Any CPU.Build.0 = Debug|Any CPU
		{E262616C-B583-4C7B-AC45-4F10A7ED6CDE}.Release|Any CPU.ActiveCfg = Release|Any CPU
		{E262616C-B583-4C7B-AC45-4F10A7ED6CDE}.Release|Any CPU.Build.0 = Release|Any CPU
		{10408065-B616-4BD9-AD9F-C14EC362BA1D}.Debug|Any CPU.ActiveCfg = Debug|Any CPU
		{10408065-B616-4BD9-AD9F-C14EC362BA1D}.Debug|Any CPU.Build.0 = Debug|Any CPU
		{10408065-B616-4BD9-AD9F-C14EC362BA1D}.Release|Any CPU.ActiveCfg = Release|Any CPU
		{10408065-B616-4BD9-AD9F-C14EC362BA1D}.Release|Any CPU.Build.0 = Release|Any CPU
		{B9652017-01E3-4C64-B47F-C6A59E35A944}.Debug|Any CPU.ActiveCfg = Debug|Any CPU
		{B9652017-01E3-4C64-B47F-C6A59E35A944}.Debug|Any CPU.Build.0 = Debug|Any CPU
		{B9652017-01E3-4C64-B47F-C6A59E35A944}.Release|Any CPU.ActiveCfg = Release|Any CPU
		{B9652017-01E3-4C64-B47F-C6A59E35A944}.Release|Any CPU.Build.0 = Release|Any CPU
		{4B92C5C8-F78A-4B2E-93DF-8AF5500F7767}.Debug|Any CPU.ActiveCfg = Debug|Any CPU
		{4B92C5C8-F78A-4B2E-93DF-8AF5500F7767}.Debug|Any CPU.Build.0 = Debug|Any CPU
		{4B92C5C8-F78A-4B2E-93DF-8AF5500F7767}.Release|Any CPU.ActiveCfg = Release|Any CPU
		{4B92C5C8-F78A-4B2E-93DF-8AF5500F7767}.Release|Any CPU.Build.0 = Release|Any CPU
		{44D5E661-ECDF-4133-9967-A1DC82880598}.Debug|Any CPU.ActiveCfg = Debug|Any CPU
		{44D5E661-ECDF-4133-9967-A1DC82880598}.Debug|Any CPU.Build.0 = Debug|Any CPU
		{44D5E661-ECDF-4133-9967-A1DC82880598}.Release|Any CPU.ActiveCfg = Release|Any CPU
		{44D5E661-ECDF-4133-9967-A1DC82880598}.Release|Any CPU.Build.0 = Release|Any CPU
		{39CD2DD9-9702-494B-9073-FBC43C88A4E2}.Debug|Any CPU.ActiveCfg = Debug|Any CPU
		{39CD2DD9-9702-494B-9073-FBC43C88A4E2}.Debug|Any CPU.Build.0 = Debug|Any CPU
		{39CD2DD9-9702-494B-9073-FBC43C88A4E2}.Release|Any CPU.ActiveCfg = Release|Any CPU
		{39CD2DD9-9702-494B-9073-FBC43C88A4E2}.Release|Any CPU.Build.0 = Release|Any CPU
		{E66211B9-84D4-4742-AB11-71BED80922C0}.Debug|Any CPU.ActiveCfg = Debug|Any CPU
		{E66211B9-84D4-4742-AB11-71BED80922C0}.Debug|Any CPU.Build.0 = Debug|Any CPU
		{E66211B9-84D4-4742-AB11-71BED80922C0}.Release|Any CPU.ActiveCfg = Release|Any CPU
		{E66211B9-84D4-4742-AB11-71BED80922C0}.Release|Any CPU.Build.0 = Release|Any CPU
		{5E397132-9A65-44ED-889E-79F893FD0D1C}.Debug|Any CPU.ActiveCfg = Debug|Any CPU
		{5E397132-9A65-44ED-889E-79F893FD0D1C}.Debug|Any CPU.Build.0 = Debug|Any CPU
		{5E397132-9A65-44ED-889E-79F893FD0D1C}.Release|Any CPU.ActiveCfg = Release|Any CPU
		{5E397132-9A65-44ED-889E-79F893FD0D1C}.Release|Any CPU.Build.0 = Release|Any CPU
		{1C0101BF-20E9-4B6F-BDC8-86C37D692DFB}.Debug|Any CPU.ActiveCfg = Debug|Any CPU
		{1C0101BF-20E9-4B6F-BDC8-86C37D692DFB}.Debug|Any CPU.Build.0 = Debug|Any CPU
		{1C0101BF-20E9-4B6F-BDC8-86C37D692DFB}.Release|Any CPU.ActiveCfg = Release|Any CPU
		{1C0101BF-20E9-4B6F-BDC8-86C37D692DFB}.Release|Any CPU.Build.0 = Release|Any CPU
		{90343151-B9D9-43F1-A2B1-923F4D841D50}.Debug|Any CPU.ActiveCfg = Debug|Any CPU
		{90343151-B9D9-43F1-A2B1-923F4D841D50}.Debug|Any CPU.Build.0 = Debug|Any CPU
		{90343151-B9D9-43F1-A2B1-923F4D841D50}.Release|Any CPU.ActiveCfg = Release|Any CPU
		{90343151-B9D9-43F1-A2B1-923F4D841D50}.Release|Any CPU.Build.0 = Release|Any CPU
	EndGlobalSection
	GlobalSection(SolutionProperties) = preSolution
		HideSolutionNode = FALSE
	EndGlobalSection
	GlobalSection(NestedProjects) = preSolution
		{8EF835C8-DB12-4D4F-8141-1C615AAADA87} = {171050A7-4533-4A93-8DB0-D040195A2189}
		{CD902B99-F49E-4ADA-B0E9-40ED31FDFB60} = {8EF835C8-DB12-4D4F-8141-1C615AAADA87}
		{846FDA08-9136-4BFA-B22F-8BBFA898750A} = {171050A7-4533-4A93-8DB0-D040195A2189}
		{E262616C-B583-4C7B-AC45-4F10A7ED6CDE} = {846FDA08-9136-4BFA-B22F-8BBFA898750A}
		{0452473E-4F82-4D86-95A7-B14607E3D6D3} = {171050A7-4533-4A93-8DB0-D040195A2189}
		{10408065-B616-4BD9-AD9F-C14EC362BA1D} = {0452473E-4F82-4D86-95A7-B14607E3D6D3}
		{B9652017-01E3-4C64-B47F-C6A59E35A944} = {0452473E-4F82-4D86-95A7-B14607E3D6D3}
		{780E51FB-BB5A-4314-B26C-F9BB1ED61328} = {171050A7-4533-4A93-8DB0-D040195A2189}
		{4B92C5C8-F78A-4B2E-93DF-8AF5500F7767} = {780E51FB-BB5A-4314-B26C-F9BB1ED61328}
		{44D5E661-ECDF-4133-9967-A1DC82880598} = {780E51FB-BB5A-4314-B26C-F9BB1ED61328}
		{39CD2DD9-9702-494B-9073-FBC43C88A4E2} = {780E51FB-BB5A-4314-B26C-F9BB1ED61328}
		{E66211B9-84D4-4742-AB11-71BED80922C0} = {780E51FB-BB5A-4314-B26C-F9BB1ED61328}
		{5E397132-9A65-44ED-889E-79F893FD0D1C} = {7E2A6DEF-1EAD-4321-B322-B48DBA8A05AA}
		{1C0101BF-20E9-4B6F-BDC8-86C37D692DFB} = {EA982266-D9EC-440C-8455-33AB539C74E2}
		{90343151-B9D9-43F1-A2B1-923F4D841D50} = {EA982266-D9EC-440C-8455-33AB539C74E2}
	EndGlobalSection
	GlobalSection(ExtensibilityGlobals) = postSolution
		SolutionGuid = {DFD0ED1B-2694-4E51-9503-B7DADB7694C3}
	EndGlobalSection
EndGlobal
