
Microsoft Visual Studio Solution File, Format Version 12.00
# Visual Studio Version 16
VisualStudioVersion = 16.0.31624.102
MinimumVisualStudioVersion = 10.0.40219.1
Project("{2150E333-8FDC-42A3-9474-1A3956D46DE8}") = "Services", "Services", "{171050A7-4533-4A93-8DB0-D040195A2189}"
EndProject
Project("{2150E333-8FDC-42A3-9474-1A3956D46DE8}") = "Catalog", "Catalog", "{8EF835C8-DB12-4D4F-8141-1C615AAADA87}"
EndProject
Project("{9A19103F-16F7-4668-BE54-9A1E7A4F7556}") = "Catalog.API", "Services\Calalog\Catalog.API\Catalog.API.csproj", "{CD902B99-F49E-4ADA-B0E9-40ED31FDFB60}"
EndProject
Project("{E53339B2-1760-4266-BCC7-CA923CBCF16C}") = "docker-compose", "docker-compose.dcproj", "{CB790287-4B88-48EA-B990-8E7CCD102E53}"
EndProject
Project("{2150E333-8FDC-42A3-9474-1A3956D46DE8}") = "Basket", "Basket", "{846FDA08-9136-4BFA-B22F-8BBFA898750A}"
EndProject
Project("{FAE04EC0-301F-11D3-BF4B-00C04F79EFBC}") = "Basket.API", "Services\Basket\Basket.API\Basket.API.csproj", "{E262616C-B583-4C7B-AC45-4F10A7ED6CDE}"
EndProject
Global
	GlobalSection(SolutionConfigurationPlatforms) = preSolution
		Debug|Any CPU = Debug|Any CPU
		Release|Any CPU = Release|Any CPU
	EndGlobalSection
	GlobalSection(ProjectConfigurationPlatforms) = postSolution
		{CD902B99-F49E-4ADA-B0E9-40ED31FDFB60}.Debug|Any CPU.ActiveCfg = Debug|Any CPU
		{CD902B99-F49E-4ADA-B0E9-40ED31FDFB60}.Debug|Any CPU.Build.0 = Debug|Any CPU
		{CD902B99-F49E-4ADA-B0E9-40ED31FDFB60}.Release|Any CPU.ActiveCfg = Release|Any CPU
		{CD902B99-F49E-4ADA-B0E9-40ED31FDFB60}.Release|Any CPU.Build.0 = Release|Any CPU
		{CB790287-4B88-48EA-B990-8E7CCD102E53}.Debug|Any CPU.ActiveCfg = Debug|Any CPU
		{CB790287-4B88-48EA-B990-8E7CCD102E53}.Debug|Any CPU.Build.0 = Debug|Any CPU
		{CB790287-4B88-48EA-B990-8E7CCD102E53}.Release|Any CPU.ActiveCfg = Release|Any CPU
		{CB790287-4B88-48EA-B990-8E7CCD102E53}.Release|Any CPU.Build.0 = Release|Any CPU
		{E262616C-B583-4C7B-AC45-4F10A7ED6CDE}.Debug|Any CPU.ActiveCfg = Debug|Any CPU
		{E262616C-B583-4C7B-AC45-4F10A7ED6CDE}.Debug|Any CPU.Build.0 = Debug|Any CPU
		{E262616C-B583-4C7B-AC45-4F10A7ED6CDE}.Release|Any CPU.ActiveCfg = Release|Any CPU
		{E262616C-B583-4C7B-AC45-4F10A7ED6CDE}.Release|Any CPU.Build.0 = Release|Any CPU
	EndGlobalSection
	GlobalSection(SolutionProperties) = preSolution
		HideSolutionNode = FALSE
	EndGlobalSection
	GlobalSection(NestedProjects) = preSolution
		{8EF835C8-DB12-4D4F-8141-1C615AAADA87} = {171050A7-4533-4A93-8DB0-D040195A2189}
		{CD902B99-F49E-4ADA-B0E9-40ED31FDFB60} = {8EF835C8-DB12-4D4F-8141-1C615AAADA87}
		{846FDA08-9136-4BFA-B22F-8BBFA898750A} = {171050A7-4533-4A93-8DB0-D040195A2189}
		{E262616C-B583-4C7B-AC45-4F10A7ED6CDE} = {846FDA08-9136-4BFA-B22F-8BBFA898750A}
	EndGlobalSection
	GlobalSection(ExtensibilityGlobals) = postSolution
		SolutionGuid = {DFD0ED1B-2694-4E51-9503-B7DADB7694C3}
	EndGlobalSection
EndGlobal
